
Microsoft Visual Studio Solution File, Format Version 12.00
# Visual Studio Version 17
VisualStudioVersion = 17.3.32922.545
MinimumVisualStudioVersion = 10.0.40219.1
Project("{FAE04EC0-301F-11D3-BF4B-00C04F79EFBC}") = "Day02MultiTempConv-Task3", "Day02MultiTempConv-Task3\Day02MultiTempConv-Task3.csproj", "{0E5BD5AE-7B0D-46E4-8D24-95376DE385F3}"
EndProject
Global
	GlobalSection(SolutionConfigurationPlatforms) = preSolution
		Debug|Any CPU = Debug|Any CPU
		Release|Any CPU = Release|Any CPU
	EndGlobalSection
	GlobalSection(ProjectConfigurationPlatforms) = postSolution
		{0E5BD5AE-7B0D-46E4-8D24-95376DE385F3}.Debug|Any CPU.ActiveCfg = Debug|Any CPU
		{0E5BD5AE-7B0D-46E4-8D24-95376DE385F3}.Debug|Any CPU.Build.0 = Debug|Any CPU
		{0E5BD5AE-7B0D-46E4-8D24-95376DE385F3}.Release|Any CPU.ActiveCfg = Release|Any CPU
		{0E5BD5AE-7B0D-46E4-8D24-95376DE385F3}.Release|Any CPU.Build.0 = Release|Any CPU
	EndGlobalSection
	GlobalSection(SolutionProperties) = preSolution
		HideSolutionNode = FALSE
	EndGlobalSection
	GlobalSection(ExtensibilityGlobals) = postSolution
		SolutionGuid = {FE64CEB7-9E40-40AB-964A-0E7A9D8272B6}
	EndGlobalSection
EndGlobal
