
Microsoft Visual Studio Solution File, Format Version 12.00
# Visual Studio Version 17
VisualStudioVersion = 17.3.32922.545
MinimumVisualStudioVersion = 10.0.40219.1
Project("{FAE04EC0-301F-11D3-BF4B-00C04F79EFBC}") = "Day05FirstEF_WPF", "Day05FirstEF_WPF\Day05FirstEF_WPF.csproj", "{C37585A8-1871-4589-BE08-2C8A9F2FBE15}"
EndProject
Global
	GlobalSection(SolutionConfigurationPlatforms) = preSolution
		Debug|Any CPU = Debug|Any CPU
		Release|Any CPU = Release|Any CPU
	EndGlobalSection
	GlobalSection(ProjectConfigurationPlatforms) = postSolution
		{C37585A8-1871-4589-BE08-2C8A9F2FBE15}.Debug|Any CPU.ActiveCfg = Debug|Any CPU
		{C37585A8-1871-4589-BE08-2C8A9F2FBE15}.Debug|Any CPU.Build.0 = Debug|Any CPU
		{C37585A8-1871-4589-BE08-2C8A9F2FBE15}.Release|Any CPU.ActiveCfg = Release|Any CPU
		{C37585A8-1871-4589-BE08-2C8A9F2FBE15}.Release|Any CPU.Build.0 = Release|Any CPU
	EndGlobalSection
	GlobalSection(SolutionProperties) = preSolution
		HideSolutionNode = FALSE
	EndGlobalSection
	GlobalSection(ExtensibilityGlobals) = postSolution
		SolutionGuid = {DB3E5212-ED74-4B03-9748-83D84AA1212E}
	EndGlobalSection
EndGlobal
