
Microsoft Visual Studio Solution File, Format Version 12.00
# Visual Studio Version 17
VisualStudioVersion = 17.3.32922.545
MinimumVisualStudioVersion = 10.0.40219.1
Project("{FAE04EC0-301F-11D3-BF4B-00C04F79EFBC}") = "Day01PeopleListInFile", "Day01PeopleListInFile\Day01PeopleListInFile.csproj", "{DC0ED274-5EC5-4C7D-89B6-A53E2C45179A}"
EndProject
Global
	GlobalSection(SolutionConfigurationPlatforms) = preSolution
		Debug|Any CPU = Debug|Any CPU
		Release|Any CPU = Release|Any CPU
	EndGlobalSection
	GlobalSection(ProjectConfigurationPlatforms) = postSolution
		{DC0ED274-5EC5-4C7D-89B6-A53E2C45179A}.Debug|Any CPU.ActiveCfg = Debug|Any CPU
		{DC0ED274-5EC5-4C7D-89B6-A53E2C45179A}.Debug|Any CPU.Build.0 = Debug|Any CPU
		{DC0ED274-5EC5-4C7D-89B6-A53E2C45179A}.Release|Any CPU.ActiveCfg = Release|Any CPU
		{DC0ED274-5EC5-4C7D-89B6-A53E2C45179A}.Release|Any CPU.Build.0 = Release|Any CPU
	EndGlobalSection
	GlobalSection(SolutionProperties) = preSolution
		HideSolutionNode = FALSE
	EndGlobalSection
	GlobalSection(ExtensibilityGlobals) = postSolution
		SolutionGuid = {87A11F91-0173-4C5C-836A-D1C391C88FE5}
	EndGlobalSection
EndGlobal
