
Microsoft Visual Studio Solution File, Format Version 12.00
# Visual Studio Version 17
VisualStudioVersion = 17.3.32922.545
MinimumVisualStudioVersion = 10.0.40219.1
Project("{FAE04EC0-301F-11D3-BF4B-00C04F79EFBC}") = "Day01TextFile", "Day01TextFile\Day01TextFile.csproj", "{502E1414-9B6C-4EF0-9ABF-9DE4B41FF399}"
EndProject
Project("{2150E333-8FDC-42A3-9474-1A3956D46DE8}") = "Solution Items", "Solution Items", "{FAF69735-65F5-4B3F-A11C-2A99D5FA5106}"
EndProject
Global
	GlobalSection(SolutionConfigurationPlatforms) = preSolution
		Debug|Any CPU = Debug|Any CPU
		Release|Any CPU = Release|Any CPU
	EndGlobalSection
	GlobalSection(ProjectConfigurationPlatforms) = postSolution
		{502E1414-9B6C-4EF0-9ABF-9DE4B41FF399}.Debug|Any CPU.ActiveCfg = Debug|Any CPU
		{502E1414-9B6C-4EF0-9ABF-9DE4B41FF399}.Debug|Any CPU.Build.0 = Debug|Any CPU
		{502E1414-9B6C-4EF0-9ABF-9DE4B41FF399}.Release|Any CPU.ActiveCfg = Release|Any CPU
		{502E1414-9B6C-4EF0-9ABF-9DE4B41FF399}.Release|Any CPU.Build.0 = Release|Any CPU
	EndGlobalSection
	GlobalSection(SolutionProperties) = preSolution
		HideSolutionNode = FALSE
	EndGlobalSection
	GlobalSection(ExtensibilityGlobals) = postSolution
		SolutionGuid = {176270C5-4650-4827-A451-6BCC07DC4EDD}
	EndGlobalSection
EndGlobal
