
Microsoft Visual Studio Solution File, Format Version 12.00
# Visual Studio Version 17
VisualStudioVersion = 17.3.32922.545
MinimumVisualStudioVersion = 10.0.40219.1
Project("{FAE04EC0-301F-11D3-BF4B-00C04F79EFBC}") = "Day04ListView", "Day04ListView\Day04ListView.csproj", "{5B5BB310-109E-4454-8302-45174389F8E8}"
EndProject
Global
	GlobalSection(SolutionConfigurationPlatforms) = preSolution
		Debug|Any CPU = Debug|Any CPU
		Release|Any CPU = Release|Any CPU
	EndGlobalSection
	GlobalSection(ProjectConfigurationPlatforms) = postSolution
		{5B5BB310-109E-4454-8302-45174389F8E8}.Debug|Any CPU.ActiveCfg = Debug|Any CPU
		{5B5BB310-109E-4454-8302-45174389F8E8}.Debug|Any CPU.Build.0 = Debug|Any CPU
		{5B5BB310-109E-4454-8302-45174389F8E8}.Release|Any CPU.ActiveCfg = Release|Any CPU
		{5B5BB310-109E-4454-8302-45174389F8E8}.Release|Any CPU.Build.0 = Release|Any CPU
	EndGlobalSection
	GlobalSection(SolutionProperties) = preSolution
		HideSolutionNode = FALSE
	EndGlobalSection
	GlobalSection(ExtensibilityGlobals) = postSolution
		SolutionGuid = {1E0CCF1B-A3FC-41E6-A2AB-9A500A3346B9}
	EndGlobalSection
EndGlobal
