
Microsoft Visual Studio Solution File, Format Version 12.00
# Visual Studio Version 17
VisualStudioVersion = 17.3.32922.545
MinimumVisualStudioVersion = 10.0.40219.1
Project("{FAE04EC0-301F-11D3-BF4B-00C04F79EFBC}") = "Doy05FirstEFConsole", "Doy05FirstEFConsole\Doy05FirstEFConsole.csproj", "{470A4EC5-F488-43F1-A362-88EB36275ABB}"
EndProject
Global
	GlobalSection(SolutionConfigurationPlatforms) = preSolution
		Debug|Any CPU = Debug|Any CPU
		Release|Any CPU = Release|Any CPU
	EndGlobalSection
	GlobalSection(ProjectConfigurationPlatforms) = postSolution
		{470A4EC5-F488-43F1-A362-88EB36275ABB}.Debug|Any CPU.ActiveCfg = Debug|Any CPU
		{470A4EC5-F488-43F1-A362-88EB36275ABB}.Debug|Any CPU.Build.0 = Debug|Any CPU
		{470A4EC5-F488-43F1-A362-88EB36275ABB}.Release|Any CPU.ActiveCfg = Release|Any CPU
		{470A4EC5-F488-43F1-A362-88EB36275ABB}.Release|Any CPU.Build.0 = Release|Any CPU
	EndGlobalSection
	GlobalSection(SolutionProperties) = preSolution
		HideSolutionNode = FALSE
	EndGlobalSection
	GlobalSection(ExtensibilityGlobals) = postSolution
		SolutionGuid = {34B8CFE3-9EA5-44F7-A37D-234CD139FD24}
	EndGlobalSection
EndGlobal
