
Microsoft Visual Studio Solution File, Format Version 12.00
# Visual Studio Version 17
VisualStudioVersion = 17.3.32922.545
MinimumVisualStudioVersion = 10.0.40219.1
Project("{FAE04EC0-301F-11D3-BF4B-00C04F79EFBC}") = "MidTermAlexHolowach", "MidTermAlexHolowach\MidTermAlexHolowach.csproj", "{BA21F702-3DC9-4FEF-B6F0-FC797738126D}"
EndProject
Global
	GlobalSection(SolutionConfigurationPlatforms) = preSolution
		Debug|Any CPU = Debug|Any CPU
		Release|Any CPU = Release|Any CPU
	EndGlobalSection
	GlobalSection(ProjectConfigurationPlatforms) = postSolution
		{BA21F702-3DC9-4FEF-B6F0-FC797738126D}.Debug|Any CPU.ActiveCfg = Debug|Any CPU
		{BA21F702-3DC9-4FEF-B6F0-FC797738126D}.Debug|Any CPU.Build.0 = Debug|Any CPU
		{BA21F702-3DC9-4FEF-B6F0-FC797738126D}.Release|Any CPU.ActiveCfg = Release|Any CPU
		{BA21F702-3DC9-4FEF-B6F0-FC797738126D}.Release|Any CPU.Build.0 = Release|Any CPU
	EndGlobalSection
	GlobalSection(SolutionProperties) = preSolution
		HideSolutionNode = FALSE
	EndGlobalSection
	GlobalSection(ExtensibilityGlobals) = postSolution
		SolutionGuid = {0224D245-DCF1-4A3A-820D-67E7A49CC842}
	EndGlobalSection
EndGlobal
